[[package]]
name = "dft"
version = "0.5.5"
source = "registry+https://github.com/rust-lang/crates.io-index"
dependencies = [
 "num-complex 0.1.41 (registry+https://github.com/rust-lang/crates.io-index)",
 "num-traits 0.1.42 (registry+https://github.com/rust-lang/crates.io-index)",
]

[[package]]
name = "hound"
version = "3.3.0"
source = "registry+https://github.com/rust-lang/crates.io-index"

[[package]]
name = "num-complex"
version = "0.1.41"
source = "registry+https://github.com/rust-lang/crates.io-index"
dependencies = [
 "num-traits 0.1.42 (registry+https://github.com/rust-lang/crates.io-index)",
]

[[package]]
name = "num-traits"
version = "0.1.42"
source = "registry+https://github.com/rust-lang/crates.io-index"

[[package]]
name = "wavepop"
version = "0.1.0"
dependencies = [
 "dft 0.5.5 (registry+https://github.com/rust-lang/crates.io-index)",
 "hound 3.3.0 (registry+https://github.com/rust-lang/crates.io-index)",
]

[metadata]
"checksum dft 0.5.5 (registry+https://github.com/rust-lang/crates.io-index)" = "86c83c6ce4ad5d596757571b99ae40694bbfd85453a9ca4862b13cc4cc290407"
"checksum hound 3.3.0 (registry+https://github.com/rust-lang/crates.io-index)" = "2fce9b1b615fbfc7e0f91609d4d37cbad1df43cd6e2b25b0d09bb1f38eef1be9"
"checksum num-complex 0.1.41 (registry+https://github.com/rust-lang/crates.io-index)" = "58de7b4bf7cf5dbecb635a5797d489864eadd03b107930cbccf9e0fd7428b47c"
"checksum num-traits 0.1.42 (registry+https://github.com/rust-lang/crates.io-index)" = "9936036cc70fe4a8b2d338ab665900323290efb03983c86cbe235ae800ad8017"
